
Microsoft Visual Studio Solution File, Format Version 12.00
# Visual Studio Version 17
VisualStudioVersion = 17.9.34723.18
MinimumVisualStudioVersion = 10.0.40219.1
Project("{9A19103F-16F7-4668-BE54-9A1E7A4F7556}") = "Markblog.Web", "Markblog.Web\Markblog.Web.csproj", "{B682B7B3-7C66-4384-A7F2-E399A392A75D}"
EndProject
Project("{9A19103F-16F7-4668-BE54-9A1E7A4F7556}") = "Markblog.Infrastructure", "Markblog.Infrastructure\Markblog.Infrastructure.csproj", "{05E954DC-BDAE-4502-AE8C-B6D3AEA45AC7}"
EndProject
Project("{FAE04EC0-301F-11D3-BF4B-00C04F79EFBC}") = "Markblog.Application", "Markblog.Application\Markblog.Application.csproj", "{4FB27010-8BCD-44DD-87D4-B40A4DD67483}"
EndProject
Project("{FAE04EC0-301F-11D3-BF4B-00C04F79EFBC}") = "Domain", "Domain\Domain.csproj", "{3448EAA9-55BC-4373-8765-219CB8BD98CD}"
EndProject
Global
	GlobalSection(SolutionConfigurationPlatforms) = preSolution
		Debug|Any CPU = Debug|Any CPU
		Release|Any CPU = Release|Any CPU
	EndGlobalSection
	GlobalSection(ProjectConfigurationPlatforms) = postSolution
		{B682B7B3-7C66-4384-A7F2-E399A392A75D}.Debug|Any CPU.ActiveCfg = Debug|Any CPU
		{B682B7B3-7C66-4384-A7F2-E399A392A75D}.Debug|Any CPU.Build.0 = Debug|Any CPU
		{B682B7B3-7C66-4384-A7F2-E399A392A75D}.Release|Any CPU.ActiveCfg = Release|Any CPU
		{B682B7B3-7C66-4384-A7F2-E399A392A75D}.Release|Any CPU.Build.0 = Release|Any CPU
		{05E954DC-BDAE-4502-AE8C-B6D3AEA45AC7}.Debug|Any CPU.ActiveCfg = Debug|Any CPU
		{05E954DC-BDAE-4502-AE8C-B6D3AEA45AC7}.Debug|Any CPU.Build.0 = Debug|Any CPU
		{05E954DC-BDAE-4502-AE8C-B6D3AEA45AC7}.Release|Any CPU.ActiveCfg = Release|Any CPU
		{05E954DC-BDAE-4502-AE8C-B6D3AEA45AC7}.Release|Any CPU.Build.0 = Release|Any CPU
		{4FB27010-8BCD-44DD-87D4-B40A4DD67483}.Debug|Any CPU.ActiveCfg = Debug|Any CPU
		{4FB27010-8BCD-44DD-87D4-B40A4DD67483}.Debug|Any CPU.Build.0 = Debug|Any CPU
		{4FB27010-8BCD-44DD-87D4-B40A4DD67483}.Release|Any CPU.ActiveCfg = Release|Any CPU
		{4FB27010-8BCD-44DD-87D4-B40A4DD67483}.Release|Any CPU.Build.0 = Release|Any CPU
		{3448EAA9-55BC-4373-8765-219CB8BD98CD}.Debug|Any CPU.ActiveCfg = Debug|Any CPU
		{3448EAA9-55BC-4373-8765-219CB8BD98CD}.Debug|Any CPU.Build.0 = Debug|Any CPU
		{3448EAA9-55BC-4373-8765-219CB8BD98CD}.Release|Any CPU.ActiveCfg = Release|Any CPU
		{3448EAA9-55BC-4373-8765-219CB8BD98CD}.Release|Any CPU.Build.0 = Release|Any CPU
	EndGlobalSection
	GlobalSection(SolutionProperties) = preSolution
		HideSolutionNode = FALSE
	EndGlobalSection
	GlobalSection(ExtensibilityGlobals) = postSolution
		SolutionGuid = {49BCE8B6-1B42-40B4-A804-16B6F9AAC2A6}
	EndGlobalSection
EndGlobal
